{
  "name": "@yuechou/omp-agent",
  "version": "1.0.9",
  "lockfileVersion": 3,
  "requires": true,
  "packages": {
    "": {
      "name": "@yuechou/omp-agent",
      "version": "1.0.9",
      "license": "MIT",
      "dependencies": {
        "@yuechou/omp-agent": "^1.0.9"
      }
    },
    "node_modules/@yuechou/omp-agent": {
      "version": "1.0.9",
      "resolved": "https://registry.npmjs.org/@yuechou/omp-agent/-/omp-agent-1.0.9.tgz",
      "integrity": "sha512-m96Fdx8bv6lz1NIIS9QByrxs77QUrwaF80/doR8tgzSnCvvF17ie4hrSQ3C1urcPnH1RepyQtaQhkP9Uum70Pg==",
      "license": "MIT"
    }
  }
}
